
Microsoft Visual Studio Solution File, Format Version 12.00
# Visual Studio Version 17
VisualStudioVersion = 17.14.36908.2 d17.14
MinimumVisualStudioVersion = 10.0.40219.1
Project("{FAE04EC0-301F-11D3-BF4B-00C04F79EFBC}") = "CoffeeMachine", "CoffeeMachine\CoffeeMachine.csproj", "{51220BFB-D8B6-4A08-8F62-4FDE3574CFFD}"
EndProject
Project("{FAE04EC0-301F-11D3-BF4B-00C04F79EFBC}") = "CoffeeMachine.Tests", "CoffeeMachine.Tests\CoffeeMachine.Tests.csproj", "{788CAA52-12D5-4631-B3E7-684A0A963529}"
EndProject
Global
	GlobalSection(SolutionConfigurationPlatforms) = preSolution
		Debug|Any CPU = Debug|Any CPU
		Release|Any CPU = Release|Any CPU
	EndGlobalSection
	GlobalSection(ProjectConfigurationPlatforms) = postSolution
		{51220BFB-D8B6-4A08-8F62-4FDE3574CFFD}.Debug|Any CPU.ActiveCfg = Debug|Any CPU
		{51220BFB-D8B6-4A08-8F62-4FDE3574CFFD}.Debug|Any CPU.Build.0 = Debug|Any CPU
		{51220BFB-D8B6-4A08-8F62-4FDE3574CFFD}.Release|Any CPU.ActiveCfg = Release|Any CPU
		{51220BFB-D8B6-4A08-8F62-4FDE3574CFFD}.Release|Any CPU.Build.0 = Release|Any CPU
		{788CAA52-12D5-4631-B3E7-684A0A963529}.Debug|Any CPU.ActiveCfg = Debug|Any CPU
		{788CAA52-12D5-4631-B3E7-684A0A963529}.Debug|Any CPU.Build.0 = Debug|Any CPU
		{788CAA52-12D5-4631-B3E7-684A0A963529}.Release|Any CPU.ActiveCfg = Release|Any CPU
		{788CAA52-12D5-4631-B3E7-684A0A963529}.Release|Any CPU.Build.0 = Release|Any CPU
	EndGlobalSection
	GlobalSection(SolutionProperties) = preSolution
		HideSolutionNode = FALSE
	EndGlobalSection
	GlobalSection(ExtensibilityGlobals) = postSolution
		SolutionGuid = {DF8EC8B5-F48C-4736-8B2D-4DE3E0C7BDB1}
	EndGlobalSection
EndGlobal
